PODS:
  - IQKeyboardManager (4.0.13)
  - Masonry (1.0.2)

DEPENDENCIES:
  - IQKeyboardManager
  - Masonry

SPEC CHECKSUMS:
  IQKeyboardManager: 8eab4d8111418414619d1df8e4779ce5d0f8d7e2
  Masonry: 7c429b56da9d4ee0bbb3ed77a5ea710d6a5df39e

PODFILE CHECKSUM: 7423872baa7a0158b16dba9b8a39c2b960f571ba

COCOAPODS: 1.3.0.beta.2
